
Microsoft Visual Studio Solution File, Format Version 12.00
# Visual Studio Version 16
VisualStudioVersion = 16.0.32428.217
MinimumVisualStudioVersion = 10.0.40219.1
Project("{FAE04EC0-301F-11D3-BF4B-00C04F79EFBC}") = "MVCCICD", "MVCCICD\MVCCICD.csproj", "{13C103E3-DB54-4EBA-8442-3F6E7E58287D}"
EndProject
Global
	GlobalSection(SolutionConfigurationPlatforms) = preSolution
		Debug|Any CPU = Debug|Any CPU
		Release|Any CPU = Release|Any CPU
	EndGlobalSection
	GlobalSection(ProjectConfigurationPlatforms) = postSolution
		{13C103E3-DB54-4EBA-8442-3F6E7E58287D}.Debug|Any CPU.ActiveCfg = Debug|Any CPU
		{13C103E3-DB54-4EBA-8442-3F6E7E58287D}.Debug|Any CPU.Build.0 = Debug|Any CPU
		{13C103E3-DB54-4EBA-8442-3F6E7E58287D}.Release|Any CPU.ActiveCfg = Release|Any CPU
		{13C103E3-DB54-4EBA-8442-3F6E7E58287D}.Release|Any CPU.Build.0 = Release|Any CPU
	EndGlobalSection
	GlobalSection(SolutionProperties) = preSolution
		HideSolutionNode = FALSE
	EndGlobalSection
	GlobalSection(ExtensibilityGlobals) = postSolution
		SolutionGuid = {08ACE67C-28AB-4A77-8636-05B2E7F0B05E}
	EndGlobalSection
EndGlobal
